
Microsoft Visual Studio Solution File, Format Version 12.00
# Visual Studio Version 17
VisualStudioVersion = 17.9.34723.18
MinimumVisualStudioVersion = 10.0.40219.1
Project("{FAE04EC0-301F-11D3-BF4B-00C04F79EFBC}") = "Assignment6_ProxyDesignPattern", "Assignment6_ProxyDesignPattern\Assignment6_ProxyDesignPattern.csproj", "{57AC9A3C-8292-4460-B6E2-13CA2C65A403}"
EndProject
Global
	GlobalSection(SolutionConfigurationPlatforms) = preSolution
		Debug|Any CPU = Debug|Any CPU
		Release|Any CPU = Release|Any CPU
	EndGlobalSection
	GlobalSection(ProjectConfigurationPlatforms) = postSolution
		{57AC9A3C-8292-4460-B6E2-13CA2C65A403}.Debug|Any CPU.ActiveCfg = Debug|Any CPU
		{57AC9A3C-8292-4460-B6E2-13CA2C65A403}.Debug|Any CPU.Build.0 = Debug|Any CPU
		{57AC9A3C-8292-4460-B6E2-13CA2C65A403}.Release|Any CPU.ActiveCfg = Release|Any CPU
		{57AC9A3C-8292-4460-B6E2-13CA2C65A403}.Release|Any CPU.Build.0 = Release|Any CPU
	EndGlobalSection
	GlobalSection(SolutionProperties) = preSolution
		HideSolutionNode = FALSE
	EndGlobalSection
	GlobalSection(ExtensibilityGlobals) = postSolution
		SolutionGuid = {0A7F4E56-DC9A-4B40-86EB-DE46F995AA3E}
	EndGlobalSection
EndGlobal
